
Microsoft Visual Studio Solution File, Format Version 12.00
# Visual Studio Version 17
VisualStudioVersion = 17.1.32210.238
MinimumVisualStudioVersion = 10.0.40219.1
Project("{8BC9CEB8-8B4A-11D0-8D11-00A0C91BC942}") = "Lesson1-FindClient", "Lesson1-FindClient\Lesson1-FindClient.vcxproj", "{C6D18B40-0EC5-48F9-8DE6-BBDF7FE593DE}"
EndProject
Global
	GlobalSection(SolutionConfigurationPlatforms) = preSolution
		Debug|x64 = Debug|x64
		Debug|x86 = Debug|x86
		Release|x64 = Release|x64
		Release|x86 = Release|x86
	EndGlobalSection
	GlobalSection(ProjectConfigurationPlatforms) = postSolution
		{C6D18B40-0EC5-48F9-8DE6-BBDF7FE593DE}.Debug|x64.ActiveCfg = Debug|x64
		{C6D18B40-0EC5-48F9-8DE6-BBDF7FE593DE}.Debug|x64.Build.0 = Debug|x64
		{C6D18B40-0EC5-48F9-8DE6-BBDF7FE593DE}.Debug|x86.ActiveCfg = Debug|Win32
		{C6D18B40-0EC5-48F9-8DE6-BBDF7FE593DE}.Debug|x86.Build.0 = Debug|Win32
		{C6D18B40-0EC5-48F9-8DE6-BBDF7FE593DE}.Release|x64.ActiveCfg = Release|x64
		{C6D18B40-0EC5-48F9-8DE6-BBDF7FE593DE}.Release|x64.Build.0 = Release|x64
		{C6D18B40-0EC5-48F9-8DE6-BBDF7FE593DE}.Release|x86.ActiveCfg = Release|Win32
		{C6D18B40-0EC5-48F9-8DE6-BBDF7FE593DE}.Release|x86.Build.0 = Release|Win32
	EndGlobalSection
	GlobalSection(SolutionProperties) = preSolution
		HideSolutionNode = FALSE
	EndGlobalSection
	GlobalSection(ExtensibilityGlobals) = postSolution
		SolutionGuid = {6F949B03-5A60-43F4-B020-C1052F0E8185}
	EndGlobalSection
EndGlobal
